
Microsoft Visual Studio Solution File, Format Version 12.00
# Visual Studio Version 17
VisualStudioVersion = 17.9.34902.65
MinimumVisualStudioVersion = 10.0.40219.1
Project("{9A19103F-16F7-4668-BE54-9A1E7A4F7556}") = "ProfileSpotDAL", "ProfileSpotDAL\ProfileSpotDAL.csproj", "{82A642FC-B2EF-4BC5-BBD9-B08BE60944F8}"
EndProject
Project("{9A19103F-16F7-4668-BE54-9A1E7A4F7556}") = "ProfileSpotViewModel", "ProfileSpotViewModels\ProfileSpotViewModel.csproj", "{A68DDA86-A990-4A93-AC52-EF0363703BE0}"
EndProject
Project("{9A19103F-16F7-4668-BE54-9A1E7A4F7556}") = "ProfileSpotWebsite", "ProfileSpotWebsite\ProfileSpotWebsite.csproj", "{B0D7C5F9-1997-4C6A-A635-22CC087B2C3F}"
EndProject
Global
	GlobalSection(SolutionConfigurationPlatforms) = preSolution
		Debug|Any CPU = Debug|Any CPU
		Release|Any CPU = Release|Any CPU
	EndGlobalSection
	GlobalSection(ProjectConfigurationPlatforms) = postSolution
		{82A642FC-B2EF-4BC5-BBD9-B08BE60944F8}.Debug|Any CPU.ActiveCfg = Debug|Any CPU
		{82A642FC-B2EF-4BC5-BBD9-B08BE60944F8}.Debug|Any CPU.Build.0 = Debug|Any CPU
		{82A642FC-B2EF-4BC5-BBD9-B08BE60944F8}.Release|Any CPU.ActiveCfg = Release|Any CPU
		{82A642FC-B2EF-4BC5-BBD9-B08BE60944F8}.Release|Any CPU.Build.0 = Release|Any CPU
		{A68DDA86-A990-4A93-AC52-EF0363703BE0}.Debug|Any CPU.ActiveCfg = Debug|Any CPU
		{A68DDA86-A990-4A93-AC52-EF0363703BE0}.Debug|Any CPU.Build.0 = Debug|Any CPU
		{A68DDA86-A990-4A93-AC52-EF0363703BE0}.Release|Any CPU.ActiveCfg = Release|Any CPU
		{A68DDA86-A990-4A93-AC52-EF0363703BE0}.Release|Any CPU.Build.0 = Release|Any CPU
		{B0D7C5F9-1997-4C6A-A635-22CC087B2C3F}.Debug|Any CPU.ActiveCfg = Debug|Any CPU
		{B0D7C5F9-1997-4C6A-A635-22CC087B2C3F}.Debug|Any CPU.Build.0 = Debug|Any CPU
		{B0D7C5F9-1997-4C6A-A635-22CC087B2C3F}.Release|Any CPU.ActiveCfg = Release|Any CPU
		{B0D7C5F9-1997-4C6A-A635-22CC087B2C3F}.Release|Any CPU.Build.0 = Release|Any CPU
	EndGlobalSection
	GlobalSection(SolutionProperties) = preSolution
		HideSolutionNode = FALSE
	EndGlobalSection
	GlobalSection(ExtensibilityGlobals) = postSolution
		SolutionGuid = {92143B3A-DD17-4FE8-8CE5-8E74530B3F9B}
	EndGlobalSection
EndGlobal
